Microsoft Visual Studio Solution File, Format Version 12.00
# Visual Studio 15
VisualStudioVersion = 15.0.28010.2026
MinimumVisualStudioVersion = 10.0.40219.1
Project("{FAE04EC0-301F-11D3-BF4B-00C04F79EFBC}") = "MegaDesk-5-IrynaKyman", "MegaDesk-5-IrynaKyman\MegaDesk-5-IrynaKyman.csproj", "{49DA0017-FAE8-41B9-9850-101438C3BAEB}"
EndProject
Global
	GlobalSection(SolutionConfigurationPlatforms) = preSolution
		Debug|Any CPU = Debug|Any CPU
		Release|Any CPU = Release|Any CPU
	EndGlobalSection
	GlobalSection(ProjectConfigurationPlatforms) = postSolution
		{49DA0017-FAE8-41B9-9850-101438C3BAEB}.Debug|Any CPU.ActiveCfg = Debug|Any CPU
		{49DA0017-FAE8-41B9-9850-101438C3BAEB}.Debug|Any CPU.Build.0 = Debug|Any CPU
		{49DA0017-FAE8-41B9-9850-101438C3BAEB}.Release|Any CPU.ActiveCfg = Release|Any CPU
		{49DA0017-FAE8-41B9-9850-101438C3BAEB}.Release|Any CPU.Build.0 = Release|Any CPU
	EndGlobalSection
	GlobalSection(SolutionProperties) = preSolution
		HideSolutionNode = FALSE
	EndGlobalSection
	GlobalSection(ExtensibilityGlobals) = postSolution
		SolutionGuid = {A31E3169-7EC7-4801-9C04-268ACF4D5399}
	EndGlobalSection
EndGlobal
